
Microsoft Visual Studio Solution File, Format Version 12.00
# Visual Studio 15
VisualStudioVersion = 15.0.27428.2027
MinimumVisualStudioVersion = 10.0.40219.1
Project("{FAE04EC0-301F-11D3-BF4B-00C04F79EFBC}") = "SampleWebDeployAPI", "SampleWebDeployAPI\SampleWebDeployAPI.csproj", "{DB841AE0-DFE4-4EE4-84FB-9270196B11AB}"
EndProject
Project("{FAE04EC0-301F-11D3-BF4B-00C04F79EFBC}") = "SampleWebDeployAPI.Tests", "SampleWebDeployAPI.Tests\SampleWebDeployAPI.Tests.csproj", "{8CA7F6B1-632C-4F06-B5FF-EA7D78EAC974}"
EndProject
Global
	GlobalSection(SolutionConfigurationPlatforms) = preSolution
		Debug|Any CPU = Debug|Any CPU
		Release|Any CPU = Release|Any CPU
	EndGlobalSection
	GlobalSection(ProjectConfigurationPlatforms) = postSolution
		{DB841AE0-DFE4-4EE4-84FB-9270196B11AB}.Debug|Any CPU.ActiveCfg = Debug|Any CPU
		{DB841AE0-DFE4-4EE4-84FB-9270196B11AB}.Debug|Any CPU.Build.0 = Debug|Any CPU
		{DB841AE0-DFE4-4EE4-84FB-9270196B11AB}.Release|Any CPU.ActiveCfg = Release|Any CPU
		{DB841AE0-DFE4-4EE4-84FB-9270196B11AB}.Release|Any CPU.Build.0 = Release|Any CPU
		{8CA7F6B1-632C-4F06-B5FF-EA7D78EAC974}.Debug|Any CPU.ActiveCfg = Debug|Any CPU
		{8CA7F6B1-632C-4F06-B5FF-EA7D78EAC974}.Debug|Any CPU.Build.0 = Debug|Any CPU
		{8CA7F6B1-632C-4F06-B5FF-EA7D78EAC974}.Release|Any CPU.ActiveCfg = Release|Any CPU
		{8CA7F6B1-632C-4F06-B5FF-EA7D78EAC974}.Release|Any CPU.Build.0 = Release|Any CPU
	EndGlobalSection
	GlobalSection(SolutionProperties) = preSolution
		HideSolutionNode = FALSE
	EndGlobalSection
	GlobalSection(ExtensibilityGlobals) = postSolution
		SolutionGuid = {FDD89FBE-DBA3-494D-AACA-4C2B62EE2D1A}
	EndGlobalSection
EndGlobal
